// !$*UTF8*$!
{
	archiveVersion = 1;
	classes = {
	};
	objectVersion = 46;
	objects = {

/* Begin PBXBuildFile section */
		1A47E94D163A4460003E32CF /* XIBButton.m in Sources */ = {isa = PBXBuildFile; fileRef = 1A47E94C163A4460003E32CF /* XIBButton.m */; };
		1A47E950163A4570003E32CF /* XIBImageView.m in Sources */ = {isa = PBXBuildFile; fileRef = 1A47E94F163A4570003E32CF /* XIBImageView.m */; };
		1A61EFAE1642C69300FC8A3C /* UIView+XIBDrawable.m in Sources */ = {isa = PBXBuildFile; fileRef = 1A61EFAD1642C69300FC8A3C /* UIView+XIBDrawable.m */; };
		1A642A28163A839800C83C43 /* bird.png in Resources */ = {isa = PBXBuildFile; fileRef = 1A642A27163A839800C83C43 /* bird.png */; };
		1A98CFAB1642BB570050E06D /* repostat.png in Resources */ = {isa = PBXBuildFile; fileRef = 1A98CFAA1642BB570050E06D /* repostat.png */; };
		1A98CFAF1642BB8E0050E06D /* XIBView.m in Sources */ = {isa = PBXBuildFile; fileRef = 1A98CFAE1642BB8E0050E06D /* XIBView.m */; };
		1A994D6C1625EFB6009C11C5 /* UIKit.framework in Frameworks */ = {isa = PBXBuildFile; fileRef = 1A994D6B1625EFB6009C11C5 /* UIKit.framework */; };
		1A994D6E1625EFB6009C11C5 /* Foundation.framework in Frameworks */ = {isa = PBXBuildFile; fileRef = 1A994D6D1625EFB6009C11C5 /* Foundation.framework */; };
		1A994D701625EFB6009C11C5 /* CoreGraphics.framework in Frameworks */ = {isa = PBXBuildFile; fileRef = 1A994D6F1625EFB6009C11C5 /* CoreGraphics.framework */; };
		1A994D761625EFB6009C11C5 /* InfoPlist.strings in Resources */ = {isa = PBXBuildFile; fileRef = 1A994D741625EFB6009C11C5 /* InfoPlist.strings */; };
		1A994D781625EFB6009C11C5 /* main.m in Sources */ = {isa = PBXBuildFile; fileRef = 1A994D771625EFB6009C11C5 /* main.m */; };
		1A994D7C1625EFB6009C11C5 /* AppDelegate.m in Sources */ = {isa = PBXBuildFile; fileRef = 1A994D7B1625EFB6009C11C5 /* AppDelegate.m */; };
		1A994D7E1625EFB6009C11C5 /* Default.png in Resources */ = {isa = PBXBuildFile; fileRef = 1A994D7D1625EFB6009C11C5 /* Default.png */; };
		1A994D801625EFB6009C11C5 /* Default@2x.png in Resources */ = {isa = PBXBuildFile; fileRef = 1A994D7F1625EFB6009C11C5 /* Default@2x.png */; };
		1A994D821625EFB6009C11C5 /* Default-568h@2x.png in Resources */ = {isa = PBXBuildFile; fileRef = 1A994D811625EFB6009C11C5 /* Default-568h@2x.png */; };
		1A994D851625EFB6009C11C5 /* ViewController.m in Sources */ = {isa = PBXBuildFile; fileRef = 1A994D841625EFB6009C11C5 /* ViewController.m */; };
		1A994D881625EFB6009C11C5 /* ViewController_iPhone.xib in Resources */ = {isa = PBXBuildFile; fileRef = 1A994D861625EFB6009C11C5 /* ViewController_iPhone.xib */; };
		1A994D8B1625EFB6009C11C5 /* ViewController_iPad.xib in Resources */ = {isa = PBXBuildFile; fileRef = 1A994D891625EFB6009C11C5 /* ViewController_iPad.xib */; };
		1A994D931625EFB6009C11C5 /* SenTestingKit.framework in Frameworks */ = {isa = PBXBuildFile; fileRef = 1A994D921625EFB6009C11C5 /* SenTestingKit.framework */; };
		1A994D941625EFB6009C11C5 /* UIKit.framework in Frameworks */ = {isa = PBXBuildFile; fileRef = 1A994D6B1625EFB6009C11C5 /* UIKit.framework */; };
		1A994D951625EFB6009C11C5 /* Foundation.framework in Frameworks */ = {isa = PBXBuildFile; fileRef = 1A994D6D1625EFB6009C11C5 /* Foundation.framework */; };
		1A994D9D1625EFB6009C11C5 /* InfoPlist.strings in Resources */ = {isa = PBXBuildFile; fileRef = 1A994D9B1625EFB6009C11C5 /* InfoPlist.strings */; };
		1A994DA01625EFB6009C11C5 /* PJAbuseInterfaceBuilderDemoTests.m in Sources */ = {isa = PBXBuildFile; fileRef = 1A994D9F1625EFB6009C11C5 /* PJAbuseInterfaceBuilderDemoTests.m */; };
		1A994DAF1625F0FB009C11C5 /* PJAppearanceViewController.m in Sources */ = {isa = PBXBuildFile; fileRef = 1A994DAB1625EFF8009C11C5 /* PJAppearanceViewController.m */; };
		1A994DB01625F0FB009C11C5 /* PJAppearanceViewController.xib in Resources */ = {isa = PBXBuildFile; fileRef = 1A994DAC1625EFF8009C11C5 /* PJAppearanceViewController.xib */; };
		1AC9D4FC165411C700334192 /* UIKit.framework in Frameworks */ = {isa = PBXBuildFile; fileRef = 1A994D6B1625EFB6009C11C5 /* UIKit.framework */; };
		1AC9D4FD165411C700334192 /* Foundation.framework in Frameworks */ = {isa = PBXBuildFile; fileRef = 1A994D6D1625EFB6009C11C5 /* Foundation.framework */; };
		1AC9D4FE165411C700334192 /* CoreGraphics.framework in Frameworks */ = {isa = PBXBuildFile; fileRef = 1A994D6F1625EFB6009C11C5 /* CoreGraphics.framework */; };
		1AC9D504165411C700334192 /* InfoPlist.strings in Resources */ = {isa = PBXBuildFile; fileRef = 1AC9D502165411C700334192 /* InfoPlist.strings */; };
		1AC9D506165411C700334192 /* main.m in Sources */ = {isa = PBXBuildFile; fileRef = 1AC9D505165411C700334192 /* main.m */; };
		1AC9D50A165411C700334192 /* AppDelegate.m in Sources */ = {isa = PBXBuildFile; fileRef = 1AC9D509165411C700334192 /* AppDelegate.m */; };
		1AC9D50C165411C700334192 /* Default.png in Resources */ = {isa = PBXBuildFile; fileRef = 1AC9D50B165411C700334192 /* Default.png */; };
		1AC9D50E165411C700334192 /* Default@2x.png in Resources */ = {isa = PBXBuildFile; fileRef = 1AC9D50D165411C700334192 /* Default@2x.png */; };
		1AC9D510165411C700334192 /* Default-568h@2x.png in Resources */ = {isa = PBXBuildFile; fileRef = 1AC9D50F165411C700334192 /* Default-568h@2x.png */; };
		1AC9D513165411C700334192 /* ViewController.m in Sources */ = {isa = PBXBuildFile; fileRef = 1AC9D512165411C700334192 /* ViewController.m */; };
		1AC9D520165411C700334192 /* SenTestingKit.framework in Frameworks */ = {isa = PBXBuildFile; fileRef = 1A994D921625EFB6009C11C5 /* SenTestingKit.framework */; };
		1AC9D521165411C700334192 /* UIKit.framework in Frameworks */ = {isa = PBXBuildFile; fileRef = 1A994D6B1625EFB6009C11C5 /* UIKit.framework */; };
		1AC9D522165411C700334192 /* Foundation.framework in Frameworks */ = {isa = PBXBuildFile; fileRef = 1A994D6D1625EFB6009C11C5 /* Foundation.framework */; };
		1AC9D52A165411C700334192 /* InfoPlist.strings in Resources */ = {isa = PBXBuildFile; fileRef = 1AC9D528165411C700334192 /* InfoPlist.strings */; };
		1AC9D52D165411C700334192 /* XIBFlowLayoutViewDemoTests.m in Sources */ = {isa = PBXBuildFile; fileRef = 1AC9D52C165411C700334192 /* XIBFlowLayoutViewDemoTests.m */; };
		1AC9D5351654147100334192 /* XIBView.m in Sources */ = {isa = PBXBuildFile; fileRef = 1A98CFAE1642BB8E0050E06D /* XIBView.m */; };
		1AC9D5361654147100334192 /* XIBButton.m in Sources */ = {isa = PBXBuildFile; fileRef = 1A47E94C163A4460003E32CF /* XIBButton.m */; };
		1AC9D5371654147100334192 /* XIBImageView.m in Sources */ = {isa = PBXBuildFile; fileRef = 1A47E94F163A4570003E32CF /* XIBImageView.m */; };
		1AC9D5381654147100334192 /* UIView+XIBDrawable.m in Sources */ = {isa = PBXBuildFile; fileRef = 1A61EFAD1642C69300FC8A3C /* UIView+XIBDrawable.m */; };
		1AC9D53A1655398500334192 /* XIBFlowLayoutDemo.storyboard in Resources */ = {isa = PBXBuildFile; fileRef = 1AC9D5391655398500334192 /* XIBFlowLayoutDemo.storyboard */; };
		52C99E351626678B005ACE19 /* PJAppearanceAttributesPlaceholder.m in Sources */ = {isa = PBXBuildFile; fileRef = 52C99E341626678B005ACE19 /* PJAppearanceAttributesPlaceholder.m */; };
		52F11442162857BF003BB0F5 /* barButtonNomal.png in Resources */ = {isa = PBXBuildFile; fileRef = 52F11440162857BF003BB0F5 /* barButtonNomal.png */; };
		52F11443162857BF003BB0F5 /* barButtonHighlighted.png in Resources */ = {isa = PBXBuildFile; fileRef = 52F11441162857BF003BB0F5 /* barButtonHighlighted.png */; };
		52F11445162859A6003BB0F5 /* back.png in Resources */ = {isa = PBXBuildFile; fileRef = 52F11444162859A5003BB0F5 /* back.png */; };
/* End PBXBuildFile section */

/* Begin PBXContainerItemProxy section */
		1A994D961625EFB6009C11C5 /* PBXContainerItemProxy */ = {
			isa = PBXContainerItemProxy;
			containerPortal = 1A994D5E1625EFB6009C11C5 /* Project object */;
			proxyType = 1;
			remoteGlobalIDString = 1A994D661625EFB6009C11C5;
			remoteInfo = PJAbuseInterfaceBuilderDemo;
		};
		1AC9D523165411C700334192 /* PBXContainerItemProxy */ = {
			isa = PBXContainerItemProxy;
			containerPortal = 1A994D5E1625EFB6009C11C5 /* Project object */;
			proxyType = 1;
			remoteGlobalIDString = 1AC9D4F9165411C700334192;
			remoteInfo = XIBFlowLayoutViewDemo;
		};
/* End PBXContainerItemProxy section */

/* Begin PBXFileReference section */
		1A47E94B163A4460003E32CF /* XIBButton.h */ = {isa = PBXFileReference; fileEncoding = 4; lastKnownFileType = sourcecode.c.h; path = XIBButton.h; sourceTree = "<group>"; };
		1A47E94C163A4460003E32CF /* XIBButton.m */ = {isa = PBXFileReference; fileEncoding = 4; lastKnownFileType = sourcecode.c.objc; path = XIBButton.m; sourceTree = "<group>"; };
		1A47E94E163A4570003E32CF /* XIBImageView.h */ = {isa = PBXFileReference; fileEncoding = 4; lastKnownFileType = sourcecode.c.h; path = XIBImageView.h; sourceTree = "<group>"; };
		1A47E94F163A4570003E32CF /* XIBImageView.m */ = {isa = PBXFileReference; fileEncoding = 4; lastKnownFileType = sourcecode.c.objc; path = XIBImageView.m; sourceTree = "<group>"; };
		1A61EFAC1642C69300FC8A3C /* UIView+XIBDrawable.h */ = {isa = PBXFileReference; fileEncoding = 4; lastKnownFileType = sourcecode.c.h; path = "UIView+XIBDrawable.h"; sourceTree = "<group>"; };
		1A61EFAD1642C69300FC8A3C /* UIView+XIBDrawable.m */ = {isa = PBXFileReference; fileEncoding = 4; lastKnownFileType = sourcecode.c.objc; path = "UIView+XIBDrawable.m"; sourceTree = "<group>"; };
		1A642A27163A839800C83C43 /* bird.png */ = {isa = PBXFileReference; lastKnownFileType = image.png; path = bird.png; sourceTree = "<group>"; };
		1A98CFAA1642BB570050E06D /* repostat.png */ = {isa = PBXFileReference; lastKnownFileType = image.png; path = repostat.png; sourceTree = "<group>"; };
		1A98CFAD1642BB8E0050E06D /* XIBView.h */ = {isa = PBXFileReference; fileEncoding = 4; lastKnownFileType = sourcecode.c.h; path = XIBView.h; sourceTree = "<group>"; };
		1A98CFAE1642BB8E0050E06D /* XIBView.m */ = {isa = PBXFileReference; fileEncoding = 4; lastKnownFileType = sourcecode.c.objc; path = XIBView.m; sourceTree = "<group>"; };
		1A994D671625EFB6009C11C5 /* PJAbuseInterfaceBuilderDemo.app */ = {isa = PBXFileReference; explicitFileType = wrapper.application; includeInIndex = 0; path = PJAbuseInterfaceBuilderDemo.app; sourceTree = BUILT_PRODUCTS_DIR; };
		1A994D6B1625EFB6009C11C5 /* UIKit.framework */ = {isa = PBXFileReference; lastKnownFileType = wrapper.framework; name = UIKit.framework; path = System/Library/Frameworks/UIKit.framework; sourceTree = SDKROOT; };
		1A994D6D1625EFB6009C11C5 /* Foundation.framework */ = {isa = PBXFileReference; lastKnownFileType = wrapper.framework; name = Foundation.framework; path = System/Library/Frameworks/Foundation.framework; sourceTree = SDKROOT; };
		1A994D6F1625EFB6009C11C5 /* CoreGraphics.framework */ = {isa = PBXFileReference; lastKnownFileType = wrapper.framework; name = CoreGraphics.framework; path = System/Library/Frameworks/CoreGraphics.framework; sourceTree = SDKROOT; };
		1A994D731625EFB6009C11C5 /* PJAbuseInterfaceBuilderDemo-Info.plist */ = {isa = PBXFileReference; lastKnownFileType = text.plist.xml; path = "PJAbuseInterfaceBuilderDemo-Info.plist"; sourceTree = "<group>"; };
		1A994D751625EFB6009C11C5 /* en */ = {isa = PBXFileReference; lastKnownFileType = text.plist.strings; name = en; path = en.lproj/InfoPlist.strings; sourceTree = "<group>"; };
		1A994D771625EFB6009C11C5 /* main.m */ = {isa = PBXFileReference; lastKnownFileType = sourcecode.c.objc; path = main.m; sourceTree = "<group>"; };
		1A994D791625EFB6009C11C5 /* PJAbuseInterfaceBuilderDemo-Prefix.pch */ = {isa = PBXFileReference; lastKnownFileType = sourcecode.c.h; path = "PJAbuseInterfaceBuilderDemo-Prefix.pch"; sourceTree = "<group>"; };
		1A994D7A1625EFB6009C11C5 /* AppDelegate.h */ = {isa = PBXFileReference; lastKnownFileType = sourcecode.c.h; path = AppDelegate.h; sourceTree = "<group>"; };
		1A994D7B1625EFB6009C11C5 /* AppDelegate.m */ = {isa = PBXFileReference; lastKnownFileType = sourcecode.c.objc; path = AppDelegate.m; sourceTree = "<group>"; };
		1A994D7D1625EFB6009C11C5 /* Default.png */ = {isa = PBXFileReference; lastKnownFileType = image.png; path = Default.png; sourceTree = "<group>"; };
		1A994D7F1625EFB6009C11C5 /* Default@2x.png */ = {isa = PBXFileReference; lastKnownFileType = image.png; path = "Default@2x.png"; sourceTree = "<group>"; };
		1A994D811625EFB6009C11C5 /* Default-568h@2x.png */ = {isa = PBXFileReference; lastKnownFileType = image.png; path = "Default-568h@2x.png"; sourceTree = "<group>"; };
		1A994D831625EFB6009C11C5 /* ViewController.h */ = {isa = PBXFileReference; lastKnownFileType = sourcecode.c.h; path = ViewController.h; sourceTree = "<group>"; };
		1A994D841625EFB6009C11C5 /* ViewController.m */ = {isa = PBXFileReference; lastKnownFileType = sourcecode.c.objc; path = ViewController.m; sourceTree = "<group>"; };
		1A994D871625EFB6009C11C5 /* en */ = {isa = PBXFileReference; lastKnownFileType = file.xib; name = en; path = en.lproj/ViewController_iPhone.xib; sourceTree = "<group>"; };
		1A994D8A1625EFB6009C11C5 /* en */ = {isa = PBXFileReference; lastKnownFileType = file.xib; name = en; path = en.lproj/ViewController_iPad.xib; sourceTree = "<group>"; };
		1A994D911625EFB6009C11C5 /* PJAbuseInterfaceBuilderDemoTests.octest */ = {isa = PBXFileReference; explicitFileType = wrapper.cfbundle; includeInIndex = 0; path = PJAbuseInterfaceBuilderDemoTests.octest; sourceTree = BUILT_PRODUCTS_DIR; };
		1A994D921625EFB6009C11C5 /* SenTestingKit.framework */ = {isa = PBXFileReference; lastKnownFileType = wrapper.framework; name = SenTestingKit.framework; path = Library/Frameworks/SenTestingKit.framework; sourceTree = DEVELOPER_DIR; };
		1A994D9A1625EFB6009C11C5 /* PJAbuseInterfaceBuilderDemoTests-Info.plist */ = {isa = PBXFileReference; lastKnownFileType = text.plist.xml; path = "PJAbuseInterfaceBuilderDemoTests-Info.plist"; sourceTree = "<group>"; };
		1A994D9C1625EFB6009C11C5 /* en */ = {isa = PBXFileReference; lastKnownFileType = text.plist.strings; name = en; path = en.lproj/InfoPlist.strings; sourceTree = "<group>"; };
		1A994D9E1625EFB6009C11C5 /* PJAbuseInterfaceBuilderDemoTests.h */ = {isa = PBXFileReference; lastKnownFileType = sourcecode.c.h; path = PJAbuseInterfaceBuilderDemoTests.h; sourceTree = "<group>"; };
		1A994D9F1625EFB6009C11C5 /* PJAbuseInterfaceBuilderDemoTests.m */ = {isa = PBXFileReference; lastKnownFileType = sourcecode.c.objc; path = PJAbuseInterfaceBuilderDemoTests.m; sourceTree = "<group>"; };
		1A994DAA1625EFF8009C11C5 /* PJAppearanceViewController.h */ = {isa = PBXFileReference; fileEncoding = 4; lastKnownFileType = sourcecode.c.h; path = PJAppearanceViewController.h; sourceTree = "<group>"; };
		1A994DAB1625EFF8009C11C5 /* PJAppearanceViewController.m */ = {isa = PBXFileReference; fileEncoding = 4; lastKnownFileType = sourcecode.c.objc; path = PJAppearanceViewController.m; sourceTree = "<group>"; };
		1A994DAC1625EFF8009C11C5 /* PJAppearanceViewController.xib */ = {isa = PBXFileReference; fileEncoding = 4; lastKnownFileType = file.xib; path = PJAppearanceViewController.xib; sourceTree = "<group>"; };
		1AC9D4FA165411C700334192 /* XIBFlowLayoutViewDemo.app */ = {isa = PBXFileReference; explicitFileType = wrapper.application; includeInIndex = 0; path = XIBFlowLayoutViewDemo.app; sourceTree = BUILT_PRODUCTS_DIR; };
		1AC9D501165411C700334192 /* XIBFlowLayoutViewDemo-Info.plist */ = {isa = PBXFileReference; lastKnownFileType = text.plist.xml; path = "XIBFlowLayoutViewDemo-Info.plist"; sourceTree = "<group>"; };
		1AC9D503165411C700334192 /* en */ = {isa = PBXFileReference; lastKnownFileType = text.plist.strings; name = en; path = en.lproj/InfoPlist.strings; sourceTree = "<group>"; };
		1AC9D505165411C700334192 /* main.m */ = {isa = PBXFileReference; lastKnownFileType = sourcecode.c.objc; path = main.m; sourceTree = "<group>"; };
		1AC9D507165411C700334192 /* XIBFlowLayoutViewDemo-Prefix.pch */ = {isa = PBXFileReference; lastKnownFileType = sourcecode.c.h; path = "XIBFlowLayoutViewDemo-Prefix.pch"; sourceTree = "<group>"; };
		1AC9D508165411C700334192 /* AppDelegate.h */ = {isa = PBXFileReference; lastKnownFileType = sourcecode.c.h; path = AppDelegate.h; sourceTree = "<group>"; };
		1AC9D509165411C700334192 /* AppDelegate.m */ = {isa = PBXFileReference; lastKnownFileType = sourcecode.c.objc; path = AppDelegate.m; sourceTree = "<group>"; };
		1AC9D50B165411C700334192 /* Default.png */ = {isa = PBXFileReference; lastKnownFileType = image.png; path = Default.png; sourceTree = "<group>"; };
		1AC9D50D165411C700334192 /* Default@2x.png */ = {isa = PBXFileReference; lastKnownFileType = image.png; path = "Default@2x.png"; sourceTree = "<group>"; };
		1AC9D50F165411C700334192 /* Default-568h@2x.png */ = {isa = PBXFileReference; lastKnownFileType = image.png; path = "Default-568h@2x.png"; sourceTree = "<group>"; };
		1AC9D511165411C700334192 /* ViewController.h */ = {isa = PBXFileReference; lastKnownFileType = sourcecode.c.h; path = ViewController.h; sourceTree = "<group>"; };
		1AC9D512165411C700334192 /* ViewController.m */ = {isa = PBXFileReference; lastKnownFileType = sourcecode.c.objc; path = ViewController.m; sourceTree = "<group>"; };
		1AC9D51F165411C700334192 /* XIBFlowLayoutViewDemoTests.octest */ = {isa = PBXFileReference; explicitFileType = wrapper.cfbundle; includeInIndex = 0; path = XIBFlowLayoutViewDemoTests.octest; sourceTree = BUILT_PRODUCTS_DIR; };
		1AC9D527165411C700334192 /* XIBFlowLayoutViewDemoTests-Info.plist */ = {isa = PBXFileReference; lastKnownFileType = text.plist.xml; path = "XIBFlowLayoutViewDemoTests-Info.plist"; sourceTree = "<group>"; };
		1AC9D529165411C700334192 /* en */ = {isa = PBXFileReference; lastKnownFileType = text.plist.strings; name = en; path = en.lproj/InfoPlist.strings; sourceTree = "<group>"; };
		1AC9D52B165411C700334192 /* XIBFlowLayoutViewDemoTests.h */ = {isa = PBXFileReference; lastKnownFileType = sourcecode.c.h; path = XIBFlowLayoutViewDemoTests.h; sourceTree = "<group>"; };
		1AC9D52C165411C700334192 /* XIBFlowLayoutViewDemoTests.m */ = {isa = PBXFileReference; lastKnownFileType = sourcecode.c.objc; path = XIBFlowLayoutViewDemoTests.m; sourceTree = "<group>"; };
		1AC9D5391655398500334192 /* XIBFlowLayoutDemo.storyboard */ = {isa = PBXFileReference; fileEncoding = 4; lastKnownFileType = file.storyboard; path = XIBFlowLayoutDemo.storyboard; sourceTree = "<group>"; };
		52C99E331626678B005ACE19 /* PJAppearanceAttributesPlaceholder.h */ = {isa = PBXFileReference; fileEncoding = 4; lastKnownFileType = sourcecode.c.h; path = PJAppearanceAttributesPlaceholder.h; sourceTree = "<group>"; };
		52C99E341626678B005ACE19 /* PJAppearanceAttributesPlaceholder.m */ = {isa = PBXFileReference; fileEncoding = 4; lastKnownFileType = sourcecode.c.objc; path = PJAppearanceAttributesPlaceholder.m; sourceTree = "<group>"; };
		52F11440162857BF003BB0F5 /* barButtonNomal.png */ = {isa = PBXFileReference; lastKnownFileType = image.png; path = barButtonNomal.png; sourceTree = "<group>"; };
		52F11441162857BF003BB0F5 /* barButtonHighlighted.png */ = {isa = PBXFileReference; lastKnownFileType = image.png; path = barButtonHighlighted.png; sourceTree = "<group>"; };
		52F11444162859A5003BB0F5 /* back.png */ = {isa = PBXFileReference; lastKnownFileType = image.png; path = back.png; sourceTree = "<group>"; };
/* End PBXFileReference section */

/* Begin PBXFrameworksBuildPhase section */
		1A994D641625EFB6009C11C5 /* Frameworks */ = {
			isa = PBXFrameworksBuildPhase;
			buildActionMask = 2147483647;
			files = (
				1A994D6C1625EFB6009C11C5 /* UIKit.framework in Frameworks */,
				1A994D6E1625EFB6009C11C5 /* Foundation.framework in Frameworks */,
				1A994D701625EFB6009C11C5 /* CoreGraphics.framework in Frameworks */,
			);
			runOnlyForDeploymentPostprocessing = 0;
		};
		1A994D8D1625EFB6009C11C5 /* Frameworks */ = {
			isa = PBXFrameworksBuildPhase;
			buildActionMask = 2147483647;
			files = (
				1A994D931625EFB6009C11C5 /* SenTestingKit.framework in Frameworks */,
				1A994D941625EFB6009C11C5 /* UIKit.framework in Frameworks */,
				1A994D951625EFB6009C11C5 /* Foundation.framework in Frameworks */,
			);
			runOnlyForDeploymentPostprocessing = 0;
		};
		1AC9D4F7165411C700334192 /* Frameworks */ = {
			isa = PBXFrameworksBuildPhase;
			buildActionMask = 2147483647;
			files = (
				1AC9D4FC165411C700334192 /* UIKit.framework in Frameworks */,
				1AC9D4FD165411C700334192 /* Foundation.framework in Frameworks */,
				1AC9D4FE165411C700334192 /* CoreGraphics.framework in Frameworks */,
			);
			runOnlyForDeploymentPostprocessing = 0;
		};
		1AC9D51B165411C700334192 /* Frameworks */ = {
			isa = PBXFrameworksBuildPhase;
			buildActionMask = 2147483647;
			files = (
				1AC9D520165411C700334192 /* SenTestingKit.framework in Frameworks */,
				1AC9D521165411C700334192 /* UIKit.framework in Frameworks */,
				1AC9D522165411C700334192 /* Foundation.framework in Frameworks */,
			);
			runOnlyForDeploymentPostprocessing = 0;
		};
/* End PBXFrameworksBuildPhase section */

/* Begin PBXGroup section */
		1A47E949163A444E003E32CF /* XIBViews */ = {
			isa = PBXGroup;
			children = (
				1A98CFAD1642BB8E0050E06D /* XIBView.h */,
				1A98CFAE1642BB8E0050E06D /* XIBView.m */,
				1A47E94B163A4460003E32CF /* XIBButton.h */,
				1A47E94C163A4460003E32CF /* XIBButton.m */,
				1A47E94E163A4570003E32CF /* XIBImageView.h */,
				1A47E94F163A4570003E32CF /* XIBImageView.m */,
				1A61EFAC1642C69300FC8A3C /* UIView+XIBDrawable.h */,
				1A61EFAD1642C69300FC8A3C /* UIView+XIBDrawable.m */,
			);
			path = XIBViews;
			sourceTree = "<group>";
		};
		1A994D5C1625EFB6009C11C5 = {
			isa = PBXGroup;
			children = (
				1A47E949163A444E003E32CF /* XIBViews */,
				1A994DA91625EFEA009C11C5 /* PJAbuseInterfaceBuilder */,
				1A994D711625EFB6009C11C5 /* PJAbuseInterfaceBuilderDemo */,
				1A994D981625EFB6009C11C5 /* PJAbuseInterfaceBuilderDemoTests */,
				1AC9D4FF165411C700334192 /* XIBFlowLayoutViewDemo */,
				1AC9D525165411C700334192 /* XIBFlowLayoutViewDemoTests */,
				1A994D6A1625EFB6009C11C5 /* Frameworks */,
				1A994D681625EFB6009C11C5 /* Products */,
			);
			sourceTree = "<group>";
		};
		1A994D681625EFB6009C11C5 /* Products */ = {
			isa = PBXGroup;
			children = (
				1A994D671625EFB6009C11C5 /* PJAbuseInterfaceBuilderDemo.app */,
				1A994D911625EFB6009C11C5 /* PJAbuseInterfaceBuilderDemoTests.octest */,
				1AC9D4FA165411C700334192 /* XIBFlowLayoutViewDemo.app */,
				1AC9D51F165411C700334192 /* XIBFlowLayoutViewDemoTests.octest */,
			);
			name = Products;
			sourceTree = "<group>";
		};
		1A994D6A1625EFB6009C11C5 /* Frameworks */ = {
			isa = PBXGroup;
			children = (
				1A994D6B1625EFB6009C11C5 /* UIKit.framework */,
				1A994D6D1625EFB6009C11C5 /* Foundation.framework */,
				1A994D6F1625EFB6009C11C5 /* CoreGraphics.framework */,
				1A994D921625EFB6009C11C5 /* SenTestingKit.framework */,
			);
			name = Frameworks;
			sourceTree = "<group>";
		};
		1A994D711625EFB6009C11C5 /* PJAbuseInterfaceBuilderDemo */ = {
			isa = PBXGroup;
			children = (
				1A994D7A1625EFB6009C11C5 /* AppDelegate.h */,
				1A994D7B1625EFB6009C11C5 /* AppDelegate.m */,
				1A994D831625EFB6009C11C5 /* ViewController.h */,
				1A994D841625EFB6009C11C5 /* ViewController.m */,
				1A994D861625EFB6009C11C5 /* ViewController_iPhone.xib */,
				1A994D891625EFB6009C11C5 /* ViewController_iPad.xib */,
				1A994D721625EFB6009C11C5 /* Supporting Files */,
			);
			path = PJAbuseInterfaceBuilderDemo;
			sourceTree = "<group>";
		};
		1A994D721625EFB6009C11C5 /* Supporting Files */ = {
			isa = PBXGroup;
			children = (
				1A98CFAA1642BB570050E06D /* repostat.png */,
				1A642A27163A839800C83C43 /* bird.png */,
				1A994D731625EFB6009C11C5 /* PJAbuseInterfaceBuilderDemo-Info.plist */,
				1A994D741625EFB6009C11C5 /* InfoPlist.strings */,
				1A994D771625EFB6009C11C5 /* main.m */,
				1A994D791625EFB6009C11C5 /* PJAbuseInterfaceBuilderDemo-Prefix.pch */,
				1A994D7D1625EFB6009C11C5 /* Default.png */,
				1A994D7F1625EFB6009C11C5 /* Default@2x.png */,
				1A994D811625EFB6009C11C5 /* Default-568h@2x.png */,
				52F11444162859A5003BB0F5 /* back.png */,
				52F11440162857BF003BB0F5 /* barButtonNomal.png */,
				52F11441162857BF003BB0F5 /* barButtonHighlighted.png */,
			);
			name = "Supporting Files";
			sourceTree = "<group>";
		};
		1A994D981625EFB6009C11C5 /* PJAbuseInterfaceBuilderDemoTests */ = {
			isa = PBXGroup;
			children = (
				1A994D9E1625EFB6009C11C5 /* PJAbuseInterfaceBuilderDemoTests.h */,
				1A994D9F1625EFB6009C11C5 /* PJAbuseInterfaceBuilderDemoTests.m */,
				1A994D991625EFB6009C11C5 /* Supporting Files */,
			);
			path = PJAbuseInterfaceBuilderDemoTests;
			sourceTree = "<group>";
		};
		1A994D991625EFB6009C11C5 /* Supporting Files */ = {
			isa = PBXGroup;
			children = (
				1A994D9A1625EFB6009C11C5 /* PJAbuseInterfaceBuilderDemoTests-Info.plist */,
				1A994D9B1625EFB6009C11C5 /* InfoPlist.strings */,
			);
			name = "Supporting Files";
			sourceTree = "<group>";
		};
		1A994DA91625EFEA009C11C5 /* PJAbuseInterfaceBuilder */ = {
			isa = PBXGroup;
			children = (
				1A994DAA1625EFF8009C11C5 /* PJAppearanceViewController.h */,
				1A994DAB1625EFF8009C11C5 /* PJAppearanceViewController.m */,
				1A994DAC1625EFF8009C11C5 /* PJAppearanceViewController.xib */,
				52C99E331626678B005ACE19 /* PJAppearanceAttributesPlaceholder.h */,
				52C99E341626678B005ACE19 /* PJAppearanceAttributesPlaceholder.m */,
			);
			path = PJAbuseInterfaceBuilder;
			sourceTree = "<group>";
		};
		1AC9D4FF165411C700334192 /* XIBFlowLayoutViewDemo */ = {
			isa = PBXGroup;
			children = (
				1AC9D508165411C700334192 /* AppDelegate.h */,
				1AC9D509165411C700334192 /* AppDelegate.m */,
				1AC9D5391655398500334192 /* XIBFlowLayoutDemo.storyboard */,
				1AC9D53B16553B1400334192 /* ViewControllers */,
				1AC9D500165411C700334192 /* Supporting Files */,
			);
			path = XIBFlowLayoutViewDemo;
			sourceTree = "<group>";
		};
		1AC9D500165411C700334192 /* Supporting Files */ = {
			isa = PBXGroup;
			children = (
				1AC9D501165411C700334192 /* XIBFlowLayoutViewDemo-Info.plist */,
				1AC9D502165411C700334192 /* InfoPlist.strings */,
				1AC9D505165411C700334192 /* main.m */,
				1AC9D507165411C700334192 /* XIBFlowLayoutViewDemo-Prefix.pch */,
				1AC9D50B165411C700334192 /* Default.png */,
				1AC9D50D165411C700334192 /* Default@2x.png */,
				1AC9D50F165411C700334192 /* Default-568h@2x.png */,
			);
			name = "Supporting Files";
			sourceTree = "<group>";
		};
		1AC9D525165411C700334192 /* XIBFlowLayoutViewDemoTests */ = {
			isa = PBXGroup;
			children = (
				1AC9D52B165411C700334192 /* XIBFlowLayoutViewDemoTests.h */,
				1AC9D52C165411C700334192 /* XIBFlowLayoutViewDemoTests.m */,
				1AC9D526165411C700334192 /* Supporting Files */,
			);
			path = XIBFlowLayoutViewDemoTests;
			sourceTree = "<group>";
		};
		1AC9D526165411C700334192 /* Supporting Files */ = {
			isa = PBXGroup;
			children = (
				1AC9D527165411C700334192 /* XIBFlowLayoutViewDemoTests-Info.plist */,
				1AC9D528165411C700334192 /* InfoPlist.strings */,
			);
			name = "Supporting Files";
			sourceTree = "<group>";
		};
		1AC9D53B16553B1400334192 /* ViewControllers */ = {
			isa = PBXGroup;
			children = (
				1AC9D511165411C700334192 /* ViewController.h */,
				1AC9D512165411C700334192 /* ViewController.m */,
			);
			name = ViewControllers;
			sourceTree = "<group>";
		};
/* End PBXGroup section */

/* Begin PBXNativeTarget section */
		1A994D661625EFB6009C11C5 /* PJAbuseInterfaceBuilderDemo */ = {
			isa = PBXNativeTarget;
			buildConfigurationList = 1A994DA31625EFB6009C11C5 /* Build configuration list for PBXNativeTarget "PJAbuseInterfaceBuilderDemo" */;
			buildPhases = (
				1A994D631625EFB6009C11C5 /* Sources */,
				1A994D641625EFB6009C11C5 /* Frameworks */,
				1A994D651625EFB6009C11C5 /* Resources */,
			);
			buildRules = (
			);
			dependencies = (
			);
			name = PJAbuseInterfaceBuilderDemo;
			productName = PJAbuseInterfaceBuilderDemo;
			productReference = 1A994D671625EFB6009C11C5 /* PJAbuseInterfaceBuilderDemo.app */;
			productType = "com.apple.product-type.application";
		};
		1A994D901625EFB6009C11C5 /* PJAbuseInterfaceBuilderDemoTests */ = {
			isa = PBXNativeTarget;
			buildConfigurationList = 1A994DA61625EFB6009C11C5 /* Build configuration list for PBXNativeTarget "PJAbuseInterfaceBuilderDemoTests" */;
			buildPhases = (
				1A994D8C1625EFB6009C11C5 /* Sources */,
				1A994D8D1625EFB6009C11C5 /* Frameworks */,
				1A994D8E1625EFB6009C11C5 /* Resources */,
				1A994D8F1625EFB6009C11C5 /* ShellScript */,
			);
			buildRules = (
			);
			dependencies = (
				1A994D971625EFB6009C11C5 /* PBXTargetDependency */,
			);
			name = PJAbuseInterfaceBuilderDemoTests;
			productName = PJAbuseInterfaceBuilderDemoTests;
			productReference = 1A994D911625EFB6009C11C5 /* PJAbuseInterfaceBuilderDemoTests.octest */;
			productType = "com.apple.product-type.bundle";
		};
		1AC9D4F9165411C700334192 /* XIBFlowLayoutViewDemo */ = {
			isa = PBXNativeTarget;
			buildConfigurationList = 1AC9D532165411C700334192 /* Build configuration list for PBXNativeTarget "XIBFlowLayoutViewDemo" */;
			buildPhases = (
				1AC9D4F6165411C700334192 /* Sources */,
				1AC9D4F7165411C700334192 /* Frameworks */,
				1AC9D4F8165411C700334192 /* Resources */,
			);
			buildRules = (
			);
			dependencies = (
			);
			name = XIBFlowLayoutViewDemo;
			productName = XIBFlowLayoutViewDemo;
			productReference = 1AC9D4FA165411C700334192 /* XIBFlowLayoutViewDemo.app */;
			productType = "com.apple.product-type.application";
		};
		1AC9D51E165411C700334192 /* XIBFlowLayoutViewDemoTests */ = {
			isa = PBXNativeTarget;
			buildConfigurationList = 1AC9D533165411C700334192 /* Build configuration list for PBXNativeTarget "XIBFlowLayoutViewDemoTests" */;
			buildPhases = (
				1AC9D51A165411C700334192 /* Sources */,
				1AC9D51B165411C700334192 /* Frameworks */,
				1AC9D51C165411C700334192 /* Resources */,
				1AC9D51D165411C700334192 /* ShellScript */,
			);
			buildRules = (
			);
			dependencies = (
				1AC9D524165411C700334192 /* PBXTargetDependency */,
			);
			name = XIBFlowLayoutViewDemoTests;
			productName = XIBFlowLayoutViewDemoTests;
			productReference = 1AC9D51F165411C700334192 /* XIBFlowLayoutViewDemoTests.octest */;
			productType = "com.apple.product-type.bundle";
		};
/* End PBXNativeTarget section */

/* Begin PBXProject section */
		1A994D5E1625EFB6009C11C5 /* Project object */ = {
			isa = PBXProject;
			attributes = {
				LastUpgradeCheck = 0450;
				ORGANIZATIONNAME = projaito;
			};
			buildConfigurationList = 1A994D611625EFB6009C11C5 /* Build configuration list for PBXProject "PJAbuseInterfaceBuilderDemo" */;
			compatibilityVersion = "Xcode 3.2";
			developmentRegion = English;
			hasScannedForEncodings = 0;
			knownRegions = (
				en,
			);
			mainGroup = 1A994D5C1625EFB6009C11C5;
			productRefGroup = 1A994D681625EFB6009C11C5 /* Products */;
			projectDirPath = "";
			projectRoot = "";
			targets = (
				1A994D661625EFB6009C11C5 /* PJAbuseInterfaceBuilderDemo */,
				1A994D901625EFB6009C11C5 /* PJAbuseInterfaceBuilderDemoTests */,
				1AC9D4F9165411C700334192 /* XIBFlowLayoutViewDemo */,
				1AC9D51E165411C700334192 /* XIBFlowLayoutViewDemoTests */,
			);
		};
/* End PBXProject section */

/* Begin PBXResourcesBuildPhase section */
		1A994D651625EFB6009C11C5 /* Resources */ = {
			isa = PBXResourcesBuildPhase;
			buildActionMask = 2147483647;
			files = (
				1A994D761625EFB6009C11C5 /* InfoPlist.strings in Resources */,
				1A994D7E1625EFB6009C11C5 /* Default.png in Resources */,
				1A994D801625EFB6009C11C5 /* Default@2x.png in Resources */,
				1A994D821625EFB6009C11C5 /* Default-568h@2x.png in Resources */,
				1A994D881625EFB6009C11C5 /* ViewController_iPhone.xib in Resources */,
				1A994D8B1625EFB6009C11C5 /* ViewController_iPad.xib in Resources */,
				1A994DB01625F0FB009C11C5 /* PJAppearanceViewController.xib in Resources */,
				52F11442162857BF003BB0F5 /* barButtonNomal.png in Resources */,
				52F11443162857BF003BB0F5 /* barButtonHighlighted.png in Resources */,
				52F11445162859A6003BB0F5 /* back.png in Resources */,
				1A642A28163A839800C83C43 /* bird.png in Resources */,
				1A98CFAB1642BB570050E06D /* repostat.png in Resources */,
			);
			runOnlyForDeploymentPostprocessing = 0;
		};
		1A994D8E1625EFB6009C11C5 /* Resources */ = {
			isa = PBXResourcesBuildPhase;
			buildActionMask = 2147483647;
			files = (
				1A994D9D1625EFB6009C11C5 /* InfoPlist.strings in Resources */,
			);
			runOnlyForDeploymentPostprocessing = 0;
		};
		1AC9D4F8165411C700334192 /* Resources */ = {
			isa = PBXResourcesBuildPhase;
			buildActionMask = 2147483647;
			files = (
				1AC9D504165411C700334192 /* InfoPlist.strings in Resources */,
				1AC9D50C165411C700334192 /* Default.png in Resources */,
				1AC9D50E165411C700334192 /* Default@2x.png in Resources */,
				1AC9D510165411C700334192 /* Default-568h@2x.png in Resources */,
				1AC9D53A1655398500334192 /* XIBFlowLayoutDemo.storyboard in Resources */,
			);
			runOnlyForDeploymentPostprocessing = 0;
		};
		1AC9D51C165411C700334192 /* Resources */ = {
			isa = PBXResourcesBuildPhase;
			buildActionMask = 2147483647;
			files = (
				1AC9D52A165411C700334192 /* InfoPlist.strings in Resources */,
			);
			runOnlyForDeploymentPostprocessing = 0;
		};
/* End PBXResourcesBuildPhase section */

/* Begin PBXShellScriptBuildPhase section */
		1A994D8F1625EFB6009C11C5 /* ShellScript */ = {
			isa = PBXShellScriptBuildPhase;
			buildActionMask = 2147483647;
			files = (
			);
			inputPaths = (
			);
			outputPaths = (
			);
			runOnlyForDeploymentPostprocessing = 0;
			shellPath = /bin/sh;
			shellScript = "# Run the unit tests in this test bundle.\n\"${SYSTEM_DEVELOPER_DIR}/Tools/RunUnitTests\"\n";
		};
		1AC9D51D165411C700334192 /* ShellScript */ = {
			isa = PBXShellScriptBuildPhase;
			buildActionMask = 2147483647;
			files = (
			);
			inputPaths = (
			);
			outputPaths = (
			);
			runOnlyForDeploymentPostprocessing = 0;
			shellPath = /bin/sh;
			shellScript = "# Run the unit tests in this test bundle.\n\"${SYSTEM_DEVELOPER_DIR}/Tools/RunUnitTests\"\n";
		};
/* End PBXShellScriptBuildPhase section */

/* Begin PBXSourcesBuildPhase section */
		1A994D631625EFB6009C11C5 /* Sources */ = {
			isa = PBXSourcesBuildPhase;
			buildActionMask = 2147483647;
			files = (
				1A994D781625EFB6009C11C5 /* main.m in Sources */,
				1A994D7C1625EFB6009C11C5 /* AppDelegate.m in Sources */,
				1A994D851625EFB6009C11C5 /* ViewController.m in Sources */,
				1A994DAF1625F0FB009C11C5 /* PJAppearanceViewController.m in Sources */,
				52C99E351626678B005ACE19 /* PJAppearanceAttributesPlaceholder.m in Sources */,
				1A47E94D163A4460003E32CF /* XIBButton.m in Sources */,
				1A47E950163A4570003E32CF /* XIBImageView.m in Sources */,
				1A98CFAF1642BB8E0050E06D /* XIBView.m in Sources */,
				1A61EFAE1642C69300FC8A3C /* UIView+XIBDrawable.m in Sources */,
			);
			runOnlyForDeploymentPostprocessing = 0;
		};
		1A994D8C1625EFB6009C11C5 /* Sources */ = {
			isa = PBXSourcesBuildPhase;
			buildActionMask = 2147483647;
			files = (
				1A994DA01625EFB6009C11C5 /* PJAbuseInterfaceBuilderDemoTests.m in Sources */,
			);
			runOnlyForDeploymentPostprocessing = 0;
		};
		1AC9D4F6165411C700334192 /* Sources */ = {
			isa = PBXSourcesBuildPhase;
			buildActionMask = 2147483647;
			files = (
				1AC9D506165411C700334192 /* main.m in Sources */,
				1AC9D50A165411C700334192 /* AppDelegate.m in Sources */,
				1AC9D513165411C700334192 /* ViewController.m in Sources */,
				1AC9D5351654147100334192 /* XIBView.m in Sources */,
				1AC9D5361654147100334192 /* XIBButton.m in Sources */,
				1AC9D5371654147100334192 /* XIBImageView.m in Sources */,
				1AC9D5381654147100334192 /* UIView+XIBDrawable.m in Sources */,
			);
			runOnlyForDeploymentPostprocessing = 0;
		};
		1AC9D51A165411C700334192 /* Sources */ = {
			isa = PBXSourcesBuildPhase;
			buildActionMask = 2147483647;
			files = (
				1AC9D52D165411C700334192 /* XIBFlowLayoutViewDemoTests.m in Sources */,
			);
			runOnlyForDeploymentPostprocessing = 0;
		};
/* End PBXSourcesBuildPhase section */

/* Begin PBXTargetDependency section */
		1A994D971625EFB6009C11C5 /* PBXTargetDependency */ = {
			isa = PBXTargetDependency;
			target = 1A994D661625EFB6009C11C5 /* PJAbuseInterfaceBuilderDemo */;
			targetProxy = 1A994D961625EFB6009C11C5 /* PBXContainerItemProxy */;
		};
		1AC9D524165411C700334192 /* PBXTargetDependency */ = {
			isa = PBXTargetDependency;
			target = 1AC9D4F9165411C700334192 /* XIBFlowLayoutViewDemo */;
			targetProxy = 1AC9D523165411C700334192 /* PBXContainerItemProxy */;
		};
/* End PBXTargetDependency section */

/* Begin PBXVariantGroup section */
		1A994D741625EFB6009C11C5 /* InfoPlist.strings */ = {
			isa = PBXVariantGroup;
			children = (
				1A994D751625EFB6009C11C5 /* en */,
			);
			name = InfoPlist.strings;
			sourceTree = "<group>";
		};
		1A994D861625EFB6009C11C5 /* ViewController_iPhone.xib */ = {
			isa = PBXVariantGroup;
			children = (
				1A994D871625EFB6009C11C5 /* en */,
			);
			name = ViewController_iPhone.xib;
			sourceTree = "<group>";
		};
		1A994D891625EFB6009C11C5 /* ViewController_iPad.xib */ = {
			isa = PBXVariantGroup;
			children = (
				1A994D8A1625EFB6009C11C5 /* en */,
			);
			name = ViewController_iPad.xib;
			sourceTree = "<group>";
		};
		1A994D9B1625EFB6009C11C5 /* InfoPlist.strings */ = {
			isa = PBXVariantGroup;
			children = (
				1A994D9C1625EFB6009C11C5 /* en */,
			);
			name = InfoPlist.strings;
			sourceTree = "<group>";
		};
		1AC9D502165411C700334192 /* InfoPlist.strings */ = {
			isa = PBXVariantGroup;
			children = (
				1AC9D503165411C700334192 /* en */,
			);
			name = InfoPlist.strings;
			sourceTree = "<group>";
		};
		1AC9D528165411C700334192 /* InfoPlist.strings */ = {
			isa = PBXVariantGroup;
			children = (
				1AC9D529165411C700334192 /* en */,
			);
			name = InfoPlist.strings;
			sourceTree = "<group>";
		};
/* End PBXVariantGroup section */

/* Begin XCBuildConfiguration section */
		1A994DA11625EFB6009C11C5 /* Debug */ = {
			isa = XCBuildConfiguration;
			buildSettings = {
				ALWAYS_SEARCH_USER_PATHS = NO;
				CLANG_CXX_LANGUAGE_STANDARD = "gnu++0x";
				CLANG_CXX_LIBRARY = "libc++";
				CLANG_ENABLE_OBJC_ARC = YES;
				CLANG_WARN_EMPTY_BODY = YES;
				CLANG_WARN__DUPLICATE_METHOD_MATCH = YES;
				"CODE_SIGN_IDENTITY[sdk=iphoneos*]" = "iPhone Developer";
				COPY_PHASE_STRIP = NO;
				GCC_C_LANGUAGE_STANDARD = gnu99;
				GCC_DYNAMIC_NO_PIC = NO;
				GCC_OPTIMIZATION_LEVEL = 0;
				GCC_PREPROCESSOR_DEFINITIONS = (
					"DEBUG=1",
					"$(inherited)",
				);
				GCC_SYMBOLS_PRIVATE_EXTERN = NO;
				GCC_WARN_ABOUT_RETURN_TYPE = YES;
				GCC_WARN_UNINITIALIZED_AUTOS = YES;
				GCC_WARN_UNUSED_VARIABLE = YES;
				IPHONEOS_DEPLOYMENT_TARGET = 5.0;
				SDKROOT = iphoneos;
				TARGETED_DEVICE_FAMILY = "1,2";
			};
			name = Debug;
		};
		1A994DA21625EFB6009C11C5 /* Release */ = {
			isa = XCBuildConfiguration;
			buildSettings = {
				ALWAYS_SEARCH_USER_PATHS = NO;
				CLANG_CXX_LANGUAGE_STANDARD = "gnu++0x";
				CLANG_CXX_LIBRARY = "libc++";
				CLANG_ENABLE_OBJC_ARC = YES;
				CLANG_WARN_EMPTY_BODY = YES;
				CLANG_WARN__DUPLICATE_METHOD_MATCH = YES;
				"CODE_SIGN_IDENTITY[sdk=iphoneos*]" = "iPhone Developer";
				COPY_PHASE_STRIP = YES;
				GCC_C_LANGUAGE_STANDARD = gnu99;
				GCC_WARN_ABOUT_RETURN_TYPE = YES;
				GCC_WARN_UNINITIALIZED_AUTOS = YES;
				GCC_WARN_UNUSED_VARIABLE = YES;
				IPHONEOS_DEPLOYMENT_TARGET = 5.0;
				OTHER_CFLAGS = "-DNS_BLOCK_ASSERTIONS=1";
				SDKROOT = iphoneos;
				TARGETED_DEVICE_FAMILY = "1,2";
				VALIDATE_PRODUCT = YES;
			};
			name = Release;
		};
		1A994DA41625EFB6009C11C5 /* Debug */ = {
			isa = XCBuildConfiguration;
			buildSettings = {
				GCC_PRECOMPILE_PREFIX_HEADER = YES;
				GCC_PREFIX_HEADER = "PJAbuseInterfaceBuilderDemo/PJAbuseInterfaceBuilderDemo-Prefix.pch";
				INFOPLIST_FILE = "PJAbuseInterfaceBuilderDemo/PJAbuseInterfaceBuilderDemo-Info.plist";
				PRODUCT_NAME = "$(TARGET_NAME)";
				WRAPPER_EXTENSION = app;
			};
			name = Debug;
		};
		1A994DA51625EFB6009C11C5 /* Release */ = {
			isa = XCBuildConfiguration;
			buildSettings = {
				GCC_PRECOMPILE_PREFIX_HEADER = YES;
				GCC_PREFIX_HEADER = "PJAbuseInterfaceBuilderDemo/PJAbuseInterfaceBuilderDemo-Prefix.pch";
				INFOPLIST_FILE = "PJAbuseInterfaceBuilderDemo/PJAbuseInterfaceBuilderDemo-Info.plist";
				PRODUCT_NAME = "$(TARGET_NAME)";
				WRAPPER_EXTENSION = app;
			};
			name = Release;
		};
		1A994DA71625EFB6009C11C5 /* Debug */ = {
			isa = XCBuildConfiguration;
			buildSettings = {
				BUNDLE_LOADER = "$(BUILT_PRODUCTS_DIR)/PJAbuseInterfaceBuilderDemo.app/PJAbuseInterfaceBuilderDemo";
				FRAMEWORK_SEARCH_PATHS = (
					"\"$(SDKROOT)/Developer/Library/Frameworks\"",
					"\"$(DEVELOPER_LIBRARY_DIR)/Frameworks\"",
				);
				GCC_PRECOMPILE_PREFIX_HEADER = YES;
				GCC_PREFIX_HEADER = "PJAbuseInterfaceBuilderDemo/PJAbuseInterfaceBuilderDemo-Prefix.pch";
				INFOPLIST_FILE = "PJAbuseInterfaceBuilderDemoTests/PJAbuseInterfaceBuilderDemoTests-Info.plist";
				PRODUCT_NAME = "$(TARGET_NAME)";
				TEST_HOST = "$(BUNDLE_LOADER)";
				WRAPPER_EXTENSION = octest;
			};
			name = Debug;
		};
		1A994DA81625EFB6009C11C5 /* Release */ = {
			isa = XCBuildConfiguration;
			buildSettings = {
				BUNDLE_LOADER = "$(BUILT_PRODUCTS_DIR)/PJAbuseInterfaceBuilderDemo.app/PJAbuseInterfaceBuilderDemo";
				FRAMEWORK_SEARCH_PATHS = (
					"\"$(SDKROOT)/Developer/Library/Frameworks\"",
					"\"$(DEVELOPER_LIBRARY_DIR)/Frameworks\"",
				);
				GCC_PRECOMPILE_PREFIX_HEADER = YES;
				GCC_PREFIX_HEADER = "PJAbuseInterfaceBuilderDemo/PJAbuseInterfaceBuilderDemo-Prefix.pch";
				INFOPLIST_FILE = "PJAbuseInterfaceBuilderDemoTests/PJAbuseInterfaceBuilderDemoTests-Info.plist";
				PRODUCT_NAME = "$(TARGET_NAME)";
				TEST_HOST = "$(BUNDLE_LOADER)";
				WRAPPER_EXTENSION = octest;
			};
			name = Release;
		};
		1AC9D52E165411C700334192 /* Debug */ = {
			isa = XCBuildConfiguration;
			buildSettings = {
				"CODE_SIGN_IDENTITY[sdk=iphoneos*]" = "iPhone Developer";
				GCC_PRECOMPILE_PREFIX_HEADER = YES;
				GCC_PREFIX_HEADER = "XIBFlowLayoutViewDemo/XIBFlowLayoutViewDemo-Prefix.pch";
				INFOPLIST_FILE = "XIBFlowLayoutViewDemo/XIBFlowLayoutViewDemo-Info.plist";
				IPHONEOS_DEPLOYMENT_TARGET = 6.0;
				PRODUCT_NAME = "$(TARGET_NAME)";
				WRAPPER_EXTENSION = app;
			};
			name = Debug;
		};
		1AC9D52F165411C700334192 /* Release */ = {
			isa = XCBuildConfiguration;
			buildSettings = {
				"CODE_SIGN_IDENTITY[sdk=iphoneos*]" = "iPhone Developer";
				GCC_PRECOMPILE_PREFIX_HEADER = YES;
				GCC_PREFIX_HEADER = "XIBFlowLayoutViewDemo/XIBFlowLayoutViewDemo-Prefix.pch";
				INFOPLIST_FILE = "XIBFlowLayoutViewDemo/XIBFlowLayoutViewDemo-Info.plist";
				IPHONEOS_DEPLOYMENT_TARGET = 6.0;
				PRODUCT_NAME = "$(TARGET_NAME)";
				WRAPPER_EXTENSION = app;
			};
			name = Release;
		};
		1AC9D530165411C700334192 /* Debug */ = {
			isa = XCBuildConfiguration;
			buildSettings = {
				BUNDLE_LOADER = "$(BUILT_PRODUCTS_DIR)/XIBFlowLayoutViewDemo.app/XIBFlowLayoutViewDemo";
				FRAMEWORK_SEARCH_PATHS = (
					"\"$(SDKROOT)/Developer/Library/Frameworks\"",
					"\"$(DEVELOPER_LIBRARY_DIR)/Frameworks\"",
				);
				GCC_PRECOMPILE_PREFIX_HEADER = YES;
				GCC_PREFIX_HEADER = "XIBFlowLayoutViewDemo/XIBFlowLayoutViewDemo-Prefix.pch";
				INFOPLIST_FILE = "XIBFlowLayoutViewDemoTests/XIBFlowLayoutViewDemoTests-Info.plist";
				IPHONEOS_DEPLOYMENT_TARGET = 6.0;
				PRODUCT_NAME = "$(TARGET_NAME)";
				TEST_HOST = "$(BUNDLE_LOADER)";
				WRAPPER_EXTENSION = octest;
			};
			name = Debug;
		};
		1AC9D531165411C700334192 /* Release */ = {
			isa = XCBuildConfiguration;
			buildSettings = {
				BUNDLE_LOADER = "$(BUILT_PRODUCTS_DIR)/XIBFlowLayoutViewDemo.app/XIBFlowLayoutViewDemo";
				FRAMEWORK_SEARCH_PATHS = (
					"\"$(SDKROOT)/Developer/Library/Frameworks\"",
					"\"$(DEVELOPER_LIBRARY_DIR)/Frameworks\"",
				);
				GCC_PRECOMPILE_PREFIX_HEADER = YES;
				GCC_PREFIX_HEADER = "XIBFlowLayoutViewDemo/XIBFlowLayoutViewDemo-Prefix.pch";
				INFOPLIST_FILE = "XIBFlowLayoutViewDemoTests/XIBFlowLayoutViewDemoTests-Info.plist";
				IPHONEOS_DEPLOYMENT_TARGET = 6.0;
				PRODUCT_NAME = "$(TARGET_NAME)";
				TEST_HOST = "$(BUNDLE_LOADER)";
				WRAPPER_EXTENSION = octest;
			};
			name = Release;
		};
/* End XCBuildConfiguration section */

/* Begin XCConfigurationList section */
		1A994D611625EFB6009C11C5 /* Build configuration list for PBXProject "PJAbuseInterfaceBuilderDemo" */ = {
			isa = XCConfigurationList;
			buildConfigurations = (
				1A994DA11625EFB6009C11C5 /* Debug */,
				1A994DA21625EFB6009C11C5 /* Release */,
			);
			defaultConfigurationIsVisible = 0;
			defaultConfigurationName = Release;
		};
		1A994DA31625EFB6009C11C5 /* Build configuration list for PBXNativeTarget "PJAbuseInterfaceBuilderDemo" */ = {
			isa = XCConfigurationList;
			buildConfigurations = (
				1A994DA41625EFB6009C11C5 /* Debug */,
				1A994DA51625EFB6009C11C5 /* Release */,
			);
			defaultConfigurationIsVisible = 0;
			defaultConfigurationName = Release;
		};
		1A994DA61625EFB6009C11C5 /* Build configuration list for PBXNativeTarget "PJAbuseInterfaceBuilderDemoTests" */ = {
			isa = XCConfigurationList;
			buildConfigurations = (
				1A994DA71625EFB6009C11C5 /* Debug */,
				1A994DA81625EFB6009C11C5 /* Release */,
			);
			defaultConfigurationIsVisible = 0;
			defaultConfigurationName = Release;
		};
		1AC9D532165411C700334192 /* Build configuration list for PBXNativeTarget "XIBFlowLayoutViewDemo" */ = {
			isa = XCConfigurationList;
			buildConfigurations = (
				1AC9D52E165411C700334192 /* Debug */,
				1AC9D52F165411C700334192 /* Release */,
			);
			defaultConfigurationIsVisible = 0;
		};
		1AC9D533165411C700334192 /* Build configuration list for PBXNativeTarget "XIBFlowLayoutViewDemoTests" */ = {
			isa = XCConfigurationList;
			buildConfigurations = (
				1AC9D530165411C700334192 /* Debug */,
				1AC9D531165411C700334192 /* Release */,
			);
			defaultConfigurationIsVisible = 0;
		};
/* End XCConfigurationList section */
	};
	rootObject = 1A994D5E1625EFB6009C11C5 /* Project object */;
}
